PODS:
  - amplify_auth_cognito (0.0.1):
    - Flutter
    - FlutterMacOS
  - amplify_secure_storage (0.0.1):
    - Flutter
  - audioplayers_darwin (0.0.1):
    - Flutter
  - connectivity_plus (0.0.1):
    - Flutter
    - ReachabilitySwift
  - device_info_plus (0.0.1):
    - Flutter
  - Flutter (1.0.0)
  - package_info_plus (0.4.5):
    - Flutter
  - path_provider_foundation (0.0.1):
    - Flutter
    - FlutterMacOS
  - ReachabilitySwift (5.0.0)

DEPENDENCIES:
  - amplify_auth_cognito (from `.symlinks/plugins/amplify_auth_cognito/darwin`)
  - amplify_secure_storage (from `.symlinks/plugins/amplify_secure_storage/ios`)
  - audioplayers_darwin (from `.symlinks/plugins/audioplayers_darwin/ios`)
  - connectivity_plus (from `.symlinks/plugins/connectivity_plus/ios`)
  - device_info_plus (from `.symlinks/plugins/device_info_plus/ios`)
  - Flutter (from `Flutter`)
  - package_info_plus (from `.symlinks/plugins/package_info_plus/ios`)
  - path_provider_foundation (from `.symlinks/plugins/path_provider_foundation/darwin`)

SPEC REPOS:
  trunk:
    - ReachabilitySwift

EXTERNAL SOURCES:
  amplify_auth_cognito:
    :path: ".symlinks/plugins/amplify_auth_cognito/darwin"
  amplify_secure_storage:
    :path: ".symlinks/plugins/amplify_secure_storage/ios"
  audioplayers_darwin:
    :path: ".symlinks/plugins/audioplayers_darwin/ios"
  connectivity_plus:
    :path: ".symlinks/plugins/connectivity_plus/ios"
  device_info_plus:
    :path: ".symlinks/plugins/device_info_plus/ios"
  Flutter:
    :path: Flutter
  package_info_plus:
    :path: ".symlinks/plugins/package_info_plus/ios"
  path_provider_foundation:
    :path: ".symlinks/plugins/path_provider_foundation/darwin"

SPEC CHECKSUMS:
  amplify_auth_cognito: 76b5a54f05f66f69966b468b8121a0dd33a32c70
  amplify_secure_storage: 501cbdac671a050090d48dfcc002d5637d3f4a55
  audioplayers_darwin: 877d9a4d06331c5c374595e46e16453ac7eafa40
  connectivity_plus: 07c49e96d7fc92bc9920617b83238c4d178b446a
  device_info_plus: 7545d84d8d1b896cb16a4ff98c19f07ec4b298ea
  Flutter: f04841e97a9d0b0a8025694d0796dd46242b2854
  package_info_plus: fd030dabf36271f146f1f3beacd48f564b0f17f7
  path_provider_foundation: 29f094ae23ebbca9d3d0cec13889cd9060c0e943
  ReachabilitySwift: 985039c6f7b23a1da463388634119492ff86c825

PODFILE CHECKSUM: df3a0d7c88efedd4f0a5c8ad20d818d7bfef3b9b

COCOAPODS: 1.11.3
